
Microsoft Visual Studio Solution File, Format Version 12.00
# Visual Studio Version 17
VisualStudioVersion = 17.3.32901.215
MinimumVisualStudioVersion = 10.0.40219.1
Project("{FAE04EC0-301F-11D3-BF4B-00C04F79EFBC}") = "ConsoleApp1", "ConsoleApp1\ConsoleApp1.csproj", "{E8ED3249-8D05-492B-AEE4-9B5C11DA2C3F}"
EndProject
Global
	GlobalSection(SolutionConfigurationPlatforms) = preSolution
		Debug|Any CPU = Debug|Any CPU
		Release|Any CPU = Release|Any CPU
	EndGlobalSection
	GlobalSection(ProjectConfigurationPlatforms) = postSolution
		{E8ED3249-8D05-492B-AEE4-9B5C11DA2C3F}.Debug|Any CPU.ActiveCfg = Debug|Any CPU
		{E8ED3249-8D05-492B-AEE4-9B5C11DA2C3F}.Debug|Any CPU.Build.0 = Debug|Any CPU
		{E8ED3249-8D05-492B-AEE4-9B5C11DA2C3F}.Release|Any CPU.ActiveCfg = Release|Any CPU
		{E8ED3249-8D05-492B-AEE4-9B5C11DA2C3F}.Release|Any CPU.Build.0 = Release|Any CPU
	EndGlobalSection
	GlobalSection(SolutionProperties) = preSolution
		HideSolutionNode = FALSE
	EndGlobalSection
	GlobalSection(ExtensibilityGlobals) = postSolution
		SolutionGuid = {950BD92B-6E65-44BC-A2A5-A27C59AD1909}
	EndGlobalSection
EndGlobal
